// !$*UTF8*$!
{
	archiveVersion = 1;
	classes = {
	};
	objectVersion = 55;
	objects = {

/* Begin PBXBuildFile section */
		951488C62919CF7700978BFF /* ListView.swift in Sources */ = {isa = PBXBuildFile; fileRef = 951488C52919CF7700978BFF /* ListView.swift */; };
		953E906128ECC9670067AEE6 /* LocationHelper.swift in Sources */ = {isa = PBXBuildFile; fileRef = 953E906028ECC9670067AEE6 /* LocationHelper.swift */; };
		954D6100291AD5D300ED0F59 /* LocationReport.swift in Sources */ = {isa = PBXBuildFile; fileRef = 954D60FF291AD5D300ED0F59 /* LocationReport.swift */; };
		95568B4C28E11B7400E49E60 /* GoogleService-Info.plist in Resources */ = {isa = PBXBuildFile; fileRef = 95568B4B28E11B7400E49E60 /* GoogleService-Info.plist */; };
		956006042919CC60005F0F41 /* DataManager.swift in Sources */ = {isa = PBXBuildFile; fileRef = 956006032919CC60005F0F41 /* DataManager.swift */; };
		95A3110D2910AC760013D33D /* ContentView.swift in Sources */ = {isa = PBXBuildFile; fileRef = 95A3110C2910AC760013D33D /* ContentView.swift */; };
		95F1C9BA28D91E2400613B19 /* InfrastructApp.swift in Sources */ = {isa = PBXBuildFile; fileRef = 95F1C9B928D91E2400613B19 /* InfrastructApp.swift */; };
		95F1C9BC28D91E2400613B19 /* ContentView.swift in Sources */ = {isa = PBXBuildFile; fileRef = 95F1C9BB28D91E2400613B19 /* ContentView.swift */; };
		95F1C9BE28D91E2500613B19 /* Assets.xcassets in Resources */ = {isa = PBXBuildFile; fileRef = 95F1C9BD28D91E2500613B19 /* Assets.xcassets */; };
		95F1C9C128D91E2500613B19 /* Preview Assets.xcassets in Resources */ = {isa = PBXBuildFile; fileRef = 95F1C9C028D91E2500613B19 /* Preview Assets.xcassets */; };
		FAF92CD395692DC1752EED1A /* Pods_Infrastruct.framework in Frameworks */ = {isa = PBXBuildFile; fileRef = 39F6680CD7132C819C11983C /* Pods_Infrastruct.framework */; };
/* End PBXBuildFile section */

/* Begin PBXFileReference section */
		39F6680CD7132C819C11983C /* Pods_Infrastruct.framework */ = {isa = PBXFileReference; explicitFileType = wrapper.framework; includeInIndex = 0; path = Pods_Infrastruct.framework; sourceTree = BUILT_PRODUCTS_DIR; };
		7FF80F7DBACD3CCF5FB2DC04 /* Pods-Infrastruct.debug.xcconfig */ = {isa = PBXFileReference; includeInIndex = 1; lastKnownFileType = text.xcconfig; name = "Pods-Infrastruct.debug.xcconfig"; path = "Target Support Files/Pods-Infrastruct/Pods-Infrastruct.debug.xcconfig"; sourceTree = "<group>"; };
		8B09997A15D2A7C9F6AAD5A4 /* Pods-Infrastruct.release.xcconfig */ = {isa = PBXFileReference; includeInIndex = 1; lastKnownFileType = text.xcconfig; name = "Pods-Infrastruct.release.xcconfig"; path = "Target Support Files/Pods-Infrastruct/Pods-Infrastruct.release.xcconfig"; sourceTree = "<group>"; };
		951488C52919CF7700978BFF /* ListView.swift */ = {isa = PBXFileReference; lastKnownFileType = sourcecode.swift; path = ListView.swift; sourceTree = "<group>"; };
		953E906028ECC9670067AEE6 /* LocationHelper.swift */ = {isa = PBXFileReference; lastKnownFileType = sourcecode.swift; path = LocationHelper.swift; sourceTree = "<group>"; };
		954D60FF291AD5D300ED0F59 /* LocationReport.swift */ = {isa = PBXFileReference; lastKnownFileType = sourcecode.swift; path = LocationReport.swift; sourceTree = "<group>"; };
		95568B4B28E11B7400E49E60 /* GoogleService-Info.plist */ = {isa = PBXFileReference; fileEncoding = 4; lastKnownFileType = text.plist.xml; path = "GoogleService-Info.plist"; sourceTree = "<group>"; };
		956006032919CC60005F0F41 /* DataManager.swift */ = {isa = PBXFileReference; lastKnownFileType = sourcecode.swift; path = DataManager.swift; sourceTree = "<group>"; };
		95A1A22F294A94D500E2BF3B /* Info.plist */ = {isa = PBXFileReference; lastKnownFileType = text.plist.xml; path = Info.plist; sourceTree = "<group>"; };
		95A3110C2910AC760013D33D /* ContentView.swift */ = {isa = PBXFileReference; fileEncoding = 4; lastKnownFileType = sourcecode.swift; path = ContentView.swift; sourceTree = "<group>"; };
		95F1C9B628D91E2400613B19 /* Infrastruct.app */ = {isa = PBXFileReference; explicitFileType = wrapper.application; includeInIndex = 0; path = Infrastruct.app; sourceTree = BUILT_PRODUCTS_DIR; };
		95F1C9B928D91E2400613B19 /* InfrastructApp.swift */ = {isa = PBXFileReference; lastKnownFileType = sourcecode.swift; path = InfrastructApp.swift; sourceTree = "<group>"; };
		95F1C9BB28D91E2400613B19 /* ContentView.swift */ = {isa = PBXFileReference; lastKnownFileType = sourcecode.swift; path = ContentView.swift; sourceTree = "<group>"; };
		95F1C9BD28D91E2500613B19 /* Assets.xcassets */ = {isa = PBXFileReference; lastKnownFileType = folder.assetcatalog; path = Assets.xcassets; sourceTree = "<group>"; };
		95F1C9C028D91E2500613B19 /* Preview Assets.xcassets */ = {isa = PBXFileReference; lastKnownFileType = folder.assetcatalog; path = "Preview Assets.xcassets"; sourceTree = "<group>"; };
/* End PBXFileReference section */

/* Begin PBXFrameworksBuildPhase section */
		95F1C9B328D91E2400613B19 /* Frameworks */ = {
			isa = PBXFrameworksBuildPhase;
			buildActionMask = 2147483647;
			files = (
				FAF92CD395692DC1752EED1A /* Pods_Infrastruct.framework in Frameworks */,
			);
			runOnlyForDeploymentPostprocessing = 0;
		};
/* End PBXFrameworksBuildPhase section */

/* Begin PBXGroup section */
		2683288BC2C18FE66AD20D88 /* Pods */ = {
			isa = PBXGroup;
			children = (
				7FF80F7DBACD3CCF5FB2DC04 /* Pods-Infrastruct.debug.xcconfig */,
				8B09997A15D2A7C9F6AAD5A4 /* Pods-Infrastruct.release.xcconfig */,
			);
			path = Pods;
			sourceTree = "<group>";
		};
		95F1C9AD28D91E2300613B19 = {
			isa = PBXGroup;
			children = (
				95F1C9B828D91E2400613B19 /* Infrastruct */,
				95F1C9B728D91E2400613B19 /* Products */,
				2683288BC2C18FE66AD20D88 /* Pods */,
				DC2AEBEF7E9503A36D462922 /* Frameworks */,
			);
			sourceTree = "<group>";
		};
		95F1C9B728D91E2400613B19 /* Products */ = {
			isa = PBXGroup;
			children = (
				95F1C9B628D91E2400613B19 /* Infrastruct.app */,
			);
			name = Products;
			sourceTree = "<group>";
		};
		95F1C9B828D91E2400613B19 /* Infrastruct */ = {
			isa = PBXGroup;
			children = (
				95A1A22F294A94D500E2BF3B /* Info.plist */,
				95568B4B28E11B7400E49E60 /* GoogleService-Info.plist */,
				95F1C9B928D91E2400613B19 /* InfrastructApp.swift */,
				95F1C9BB28D91E2400613B19 /* ContentView.swift */,
				95A3110C2910AC760013D33D /* ContentView.swift */,
				953E906028ECC9670067AEE6 /* LocationHelper.swift */,
				956006032919CC60005F0F41 /* DataManager.swift */,
				95F1C9BD28D91E2500613B19 /* Assets.xcassets */,
				951488C52919CF7700978BFF /* ListView.swift */,
				954D60FF291AD5D300ED0F59 /* LocationReport.swift */,
				95F1C9BF28D91E2500613B19 /* Preview Content */,
			);
			path = Infrastruct;
			sourceTree = "<group>";
		};
		95F1C9BF28D91E2500613B19 /* Preview Content */ = {
			isa = PBXGroup;
			children = (
				95F1C9C028D91E2500613B19 /* Preview Assets.xcassets */,
			);
			path = "Preview Content";
			sourceTree = "<group>";
		};
		DC2AEBEF7E9503A36D462922 /* Frameworks */ = {
			isa = PBXGroup;
			children = (
				39F6680CD7132C819C11983C /* Pods_Infrastruct.framework */,
			);
			name = Frameworks;
			sourceTree = "<group>";
		};
/* End PBXGroup section */

/* Begin PBXNativeTarget section */
		95F1C9B528D91E2400613B19 /* Infrastruct */ = {
			isa = PBXNativeTarget;
			buildConfigurationList = 95F1C9C428D91E2500613B19 /* Build configuration list for PBXNativeTarget "Infrastruct" */;
			buildPhases = (
				ED24BD7CB57B95F5436E410C /* [CP] Check Pods Manifest.lock */,
				95F1C9B228D91E2400613B19 /* Sources */,
				95F1C9B328D91E2400613B19 /* Frameworks */,
				95F1C9B428D91E2400613B19 /* Resources */,
				2A13E9795B5F4F19573850EA /* [CP] Embed Pods Frameworks */,
			);
			buildRules = (
			);
			dependencies = (
			);
			name = Infrastruct;
			productName = Infrastruct;
			productReference = 95F1C9B628D91E2400613B19 /* Infrastruct.app */;
			productType = "com.apple.product-type.application";
		};
/* End PBXNativeTarget section */

/* Begin PBXProject section */
		95F1C9AE28D91E2300613B19 /* Project object */ = {
			isa = PBXProject;
			attributes = {
				BuildIndependentTargetsInParallel = 1;
				LastSwiftUpdateCheck = 1340;
				LastUpgradeCheck = 1340;
				TargetAttributes = {
					95F1C9B528D91E2400613B19 = {
						CreatedOnToolsVersion = 13.4.1;
					};
				};
			};
			buildConfigurationList = 95F1C9B128D91E2300613B19 /* Build configuration list for PBXProject "Infrastruct" */;
			compatibilityVersion = "Xcode 13.0";
			developmentRegion = en;
			hasScannedForEncodings = 0;
			knownRegions = (
				en,
				Base,
			);
			mainGroup = 95F1C9AD28D91E2300613B19;
			productRefGroup = 95F1C9B728D91E2400613B19 /* Products */;
			projectDirPath = "";
			projectRoot = "";
			targets = (
				95F1C9B528D91E2400613B19 /* Infrastruct */,
			);
		};
/* End PBXProject section */

/* Begin PBXResourcesBuildPhase section */
		95F1C9B428D91E2400613B19 /* Resources */ = {
			isa = PBXResourcesBuildPhase;
			buildActionMask = 2147483647;
			files = (
				95F1C9C128D91E2500613B19 /* Preview Assets.xcassets in Resources */,
				95F1C9BE28D91E2500613B19 /* Assets.xcassets in Resources */,
				95568B4C28E11B7400E49E60 /* GoogleService-Info.plist in Resources */,
			);
			runOnlyForDeploymentPostprocessing = 0;
		};
/* End PBXResourcesBuildPhase section */

/* Begin PBXShellScriptBuildPhase section */
		2A13E9795B5F4F19573850EA /* [CP] Embed Pods Frameworks */ = {
			isa = PBXShellScriptBuildPhase;
			buildActionMask = 2147483647;
			files = (
			);
			inputFileListPaths = (
				"${PODS_ROOT}/Target Support Files/Pods-Infrastruct/Pods-Infrastruct-frameworks-${CONFIGURATION}-input-files.xcfilelist",
			);
			name = "[CP] Embed Pods Frameworks";
			outputFileListPaths = (
				"${PODS_ROOT}/Target Support Files/Pods-Infrastruct/Pods-Infrastruct-frameworks-${CONFIGURATION}-output-files.xcfilelist",
			);
			runOnlyForDeploymentPostprocessing = 0;
			shellPath = /bin/sh;
			shellScript = "\"${PODS_ROOT}/Target Support Files/Pods-Infrastruct/Pods-Infrastruct-frameworks.sh\"\n";
			showEnvVarsInLog = 0;
		};
		ED24BD7CB57B95F5436E410C /* [CP] Check Pods Manifest.lock */ = {
			isa = PBXShellScriptBuildPhase;
			buildActionMask = 2147483647;
			files = (
			);
			inputFileListPaths = (
			);
			inputPaths = (
				"${PODS_PODFILE_DIR_PATH}/Podfile.lock",
				"${PODS_ROOT}/Manifest.lock",
			);
			name = "[CP] Check Pods Manifest.lock";
			outputFileListPaths = (
			);
			outputPaths = (
				"$(DERIVED_FILE_DIR)/Pods-Infrastruct-checkManifestLockResult.txt",
			);
			runOnlyForDeploymentPostprocessing = 0;
			shellPath = /bin/sh;
			shellScript = "diff \"${PODS_PODFILE_DIR_PATH}/Podfile.lock\" \"${PODS_ROOT}/Manifest.lock\" > /dev/null\nif [ $? != 0 ] ; then\n    # print error to STDERR\n    echo \"error: The sandbox is not in sync with the Podfile.lock. Run 'pod install' or update your CocoaPods installation.\" >&2\n    exit 1\nfi\n# This output is used by Xcode 'outputs' to avoid re-running this script phase.\necho \"SUCCESS\" > \"${SCRIPT_OUTPUT_FILE_0}\"\n";
			showEnvVarsInLog = 0;
		};
/* End PBXShellScriptBuildPhase section */

/* Begin PBXSourcesBuildPhase section */
		95F1C9B228D91E2400613B19 /* Sources */ = {
			isa = PBXSourcesBuildPhase;
			buildActionMask = 2147483647;
			files = (
				953E906128ECC9670067AEE6 /* LocationHelper.swift in Sources */,
				95A3110D2910AC760013D33D /* ContentView.swift in Sources */,
				956006042919CC60005F0F41 /* DataManager.swift in Sources */,
				95F1C9BC28D91E2400613B19 /* ContentView.swift in Sources */,
				954D6100291AD5D300ED0F59 /* LocationReport.swift in Sources */,
				95F1C9BA28D91E2400613B19 /* InfrastructApp.swift in Sources */,
				951488C62919CF7700978BFF /* ListView.swift in Sources */,
			);
			runOnlyForDeploymentPostprocessing = 0;
		};
/* End PBXSourcesBuildPhase section */

/* Begin XCBuildConfiguration section */
		95F1C9C228D91E2500613B19 /* Debug */ = {
			isa = XCBuildConfiguration;
			buildSettings = {
				ALWAYS_SEARCH_USER_PATHS = NO;
				CLANG_ANALYZER_NONNULL = YES;
				CLANG_ANALYZER_NUMBER_OBJECT_CONVERSION = YES_AGGRESSIVE;
				CLANG_CXX_LANGUAGE_STANDARD = "gnu++17";
				CLANG_ENABLE_MODULES = YES;
				CLANG_ENABLE_OBJC_ARC = YES;
				CLANG_ENABLE_OBJC_WEAK = YES;
				CLANG_WARN_BLOCK_CAPTURE_AUTORELEASING = YES;
				CLANG_WARN_BOOL_CONVERSION = YES;
				CLANG_WARN_COMMA = YES;
				CLANG_WARN_CONSTANT_CONVERSION = YES;
				CLANG_WARN_DEPRECATED_OBJC_IMPLEMENTATIONS = YES;
				CLANG_WARN_DIRECT_OBJC_ISA_USAGE = YES_ERROR;
				CLANG_WARN_DOCUMENTATION_COMMENTS = YES;
				CLANG_WARN_EMPTY_BODY = YES;
				CLANG_WARN_ENUM_CONVERSION = YES;
				CLANG_WARN_INFINITE_RECURSION = YES;
				CLANG_WARN_INT_CONVERSION = YES;
				CLANG_WARN_NON_LITERAL_NULL_CONVERSION = YES;
				CLANG_WARN_OBJC_IMPLICIT_RETAIN_SELF = YES;
				CLANG_WARN_OBJC_LITERAL_CONVERSION = YES;
				CLANG_WARN_OBJC_ROOT_CLASS = YES_ERROR;
				CLANG_WARN_QUOTED_INCLUDE_IN_FRAMEWORK_HEADER = YES;
				CLANG_WARN_RANGE_LOOP_ANALYSIS = YES;
				CLANG_WARN_STRICT_PROTOTYPES = YES;
				CLANG_WARN_SUSPICIOUS_MOVE = YES;
				CLANG_WARN_UNGUARDED_AVAILABILITY = YES_AGGRESSIVE;
				CLANG_WARN_UNREACHABLE_CODE = YES;
				CLANG_WARN__DUPLICATE_METHOD_MATCH = YES;
				COPY_PHASE_STRIP = NO;
				DEBUG_INFORMATION_FORMAT = dwarf;
				ENABLE_STRICT_OBJC_MSGSEND = YES;
				ENABLE_TESTABILITY = YES;
				GCC_C_LANGUAGE_STANDARD = gnu11;
				GCC_DYNAMIC_NO_PIC = NO;
				GCC_NO_COMMON_BLOCKS = YES;
				GCC_OPTIMIZATION_LEVEL = 0;
				GCC_PREPROCESSOR_DEFINITIONS = (
					"DEBUG=1",
					"$(inherited)",
				);
				GCC_WARN_64_TO_32_BIT_CONVERSION = YES;
				GCC_WARN_ABOUT_RETURN_TYPE = YES_ERROR;
				GCC_WARN_UNDECLARED_SELECTOR = YES;
				GCC_WARN_UNINITIALIZED_AUTOS = YES_AGGRESSIVE;
				GCC_WARN_UNUSED_FUNCTION = YES;
				GCC_WARN_UNUSED_VARIABLE = YES;
				IPHONEOS_DEPLOYMENT_TARGET = 15.5;
				MTL_ENABLE_DEBUG_INFO = INCLUDE_SOURCE;
				MTL_FAST_MATH = YES;
				ONLY_ACTIVE_ARCH = YES;
				SDKROOT = iphoneos;
				SWIFT_ACTIVE_COMPILATION_CONDITIONS = DEBUG;
				SWIFT_OPTIMIZATION_LEVEL = "-Onone";
			};
			name = Debug;
		};
		95F1C9C328D91E2500613B19 /* Release */ = {
			isa = XCBuildConfiguration;
			buildSettings = {
				ALWAYS_SEARCH_USER_PATHS = NO;
				CLANG_ANALYZER_NONNULL = YES;
				CLANG_ANALYZER_NUMBER_OBJECT_CONVERSION = YES_AGGRESSIVE;
				CLANG_CXX_LANGUAGE_STANDARD = "gnu++17";
				CLANG_ENABLE_MODULES = YES;
				CLANG_ENABLE_OBJC_ARC = YES;
				CLANG_ENABLE_OBJC_WEAK = YES;
				CLANG_WARN_BLOCK_CAPTURE_AUTORELEASING = YES;
				CLANG_WARN_BOOL_CONVERSION = YES;
				CLANG_WARN_COMMA = YES;
				CLANG_WARN_CONSTANT_CONVERSION = YES;
				CLANG_WARN_DEPRECATED_OBJC_IMPLEMENTATIONS = YES;
				CLANG_WARN_DIRECT_OBJC_ISA_USAGE = YES_ERROR;
				CLANG_WARN_DOCUMENTATION_COMMENTS = YES;
				CLANG_WARN_EMPTY_BODY = YES;
				CLANG_WARN_ENUM_CONVERSION = YES;
				CLANG_WARN_INFINITE_RECURSION = YES;
				CLANG_WARN_INT_CONVERSION = YES;
				CLANG_WARN_NON_LITERAL_NULL_CONVERSION = YES;
				CLANG_WARN_OBJC_IMPLICIT_RETAIN_SELF = YES;
				CLANG_WARN_OBJC_LITERAL_CONVERSION = YES;
				CLANG_WARN_OBJC_ROOT_CLASS = YES_ERROR;
				CLANG_WARN_QUOTED_INCLUDE_IN_FRAMEWORK_HEADER = YES;
				CLANG_WARN_RANGE_LOOP_ANALYSIS = YES;
				CLANG_WARN_STRICT_PROTOTYPES = YES;
				CLANG_WARN_SUSPICIOUS_MOVE = YES;
				CLANG_WARN_UNGUARDED_AVAILABILITY = YES_AGGRESSIVE;
				CLANG_WARN_UNREACHABLE_CODE = YES;
				CLANG_WARN__DUPLICATE_METHOD_MATCH = YES;
				COPY_PHASE_STRIP = NO;
				DEBUG_INFORMATION_FORMAT = "dwarf-with-dsym";
				ENABLE_NS_ASSERTIONS = NO;
				ENABLE_STRICT_OBJC_MSGSEND = YES;
				GCC_C_LANGUAGE_STANDARD = gnu11;
				GCC_NO_COMMON_BLOCKS = YES;
				GCC_WARN_64_TO_32_BIT_CONVERSION = YES;
				GCC_WARN_ABOUT_RETURN_TYPE = YES_ERROR;
				GCC_WARN_UNDECLARED_SELECTOR = YES;
				GCC_WARN_UNINITIALIZED_AUTOS = YES_AGGRESSIVE;
				GCC_WARN_UNUSED_FUNCTION = YES;
				GCC_WARN_UNUSED_VARIABLE = YES;
				IPHONEOS_DEPLOYMENT_TARGET = 15.5;
				MTL_ENABLE_DEBUG_INFO = NO;
				MTL_FAST_MATH = YES;
				SDKROOT = iphoneos;
				SWIFT_COMPILATION_MODE = wholemodule;
				SWIFT_OPTIMIZATION_LEVEL = "-O";
				VALIDATE_PRODUCT = YES;
			};
			name = Release;
		};
		95F1C9C528D91E2500613B19 /* Debug */ = {
			isa = XCBuildConfiguration;
			baseConfigurationReference = 7FF80F7DBACD3CCF5FB2DC04 /* Pods-Infrastruct.debug.xcconfig */;
			buildSettings = {
				ASSETCATALOG_COMPILER_APPICON_NAME = AppIcon;
				ASSETCATALOG_COMPILER_GLOBAL_ACCENT_COLOR_NAME = AccentColor;
				CODE_SIGN_IDENTITY = "Apple Development";
				CODE_SIGN_STYLE = Automatic;
				CURRENT_PROJECT_VERSION = 1;
				DEVELOPMENT_ASSET_PATHS = "\"Infrastruct/Preview Content\"";
				DEVELOPMENT_TEAM = FAJ6L56WB6;
				ENABLE_PREVIEWS = YES;
				GENERATE_INFOPLIST_FILE = YES;
				INFOPLIST_FILE = Infrastruct/Info.plist;
				INFOPLIST_KEY_CFBundleDisplayName = Infrastruct;
				INFOPLIST_KEY_NSLocationAlwaysAndWhenInUseUsageDescription = "Your location is required to send location reports of local problems .";
				INFOPLIST_KEY_NSLocationWhenInUseUsageDescription = "Infrastruct uses your location only to send reports as specified. Your location is not stored anywhere else or used in any other way.";
				INFOPLIST_KEY_UIApplicationSceneManifest_Generation = YES;
				INFOPLIST_KEY_UIApplicationSupportsIndirectInputEvents = YES;
				INFOPLIST_KEY_UILaunchScreen_Generation = YES;
				INFOPLIST_KEY_UISupportedInterfaceOrientations = UIInterfaceOrientationPortrait;
				INFOPLIST_KEY_UISupportedInterfaceOrientations_iPad = "UIInterfaceOrientationPortrait UIInterfaceOrientationPortraitUpsideDown UIInterfaceOrientationLandscapeLeft UIInterfaceOrientationLandscapeRight";
				INFOPLIST_KEY_UISupportedInterfaceOrientations_iPhone = "UIInterfaceOrientationPortrait UIInterfaceOrientationLandscapeLeft UIInterfaceOrientationLandscapeRight";
				LD_RUNPATH_SEARCH_PATHS = (
					"$(inherited)",
					"@executable_path/Frameworks",
				);
				MARKETING_VERSION = 1.0;
				PRODUCT_BUNDLE_IDENTIFIER = testidentifier.Infrastruct;
				PRODUCT_NAME = "$(TARGET_NAME)";
				PROVISIONING_PROFILE_SPECIFIER = "";
				SWIFT_EMIT_LOC_STRINGS = YES;
				SWIFT_VERSION = 5.0;
				TARGETED_DEVICE_FAMILY = "1,2";
			};
			name = Debug;
		};
		95F1C9C628D91E2500613B19 /* Release */ = {
			isa = XCBuildConfiguration;
			baseConfigurationReference = 8B09997A15D2A7C9F6AAD5A4 /* Pods-Infrastruct.release.xcconfig */;
			buildSettings = {
				ASSETCATALOG_COMPILER_APPICON_NAME = AppIcon;
				ASSETCATALOG_COMPILER_GLOBAL_ACCENT_COLOR_NAME = AccentColor;
				CODE_SIGN_IDENTITY = "Apple Development";
				CODE_SIGN_STYLE = Automatic;
				CURRENT_PROJECT_VERSION = 1;
				DEVELOPMENT_ASSET_PATHS = "\"Infrastruct/Preview Content\"";
				DEVELOPMENT_TEAM = FAJ6L56WB6;
				ENABLE_PREVIEWS = YES;
				GENERATE_INFOPLIST_FILE = YES;
				INFOPLIST_FILE = Infrastruct/Info.plist;
				INFOPLIST_KEY_CFBundleDisplayName = Infrastruct;
				INFOPLIST_KEY_NSLocationAlwaysAndWhenInUseUsageDescription = "Your location is required to send location reports of local problems .";
				INFOPLIST_KEY_NSLocationWhenInUseUsageDescription = "Infrastruct uses your location only to send reports as specified. Your location is not stored anywhere else or used in any other way.";
				INFOPLIST_KEY_UIApplicationSceneManifest_Generation = YES;
				INFOPLIST_KEY_UIApplicationSupportsIndirectInputEvents = YES;
				INFOPLIST_KEY_UILaunchScreen_Generation = YES;
				INFOPLIST_KEY_UISupportedInterfaceOrientations = UIInterfaceOrientationPortrait;
				INFOPLIST_KEY_UISupportedInterfaceOrientations_iPad = "UIInterfaceOrientationPortrait UIInterfaceOrientationPortraitUpsideDown UIInterfaceOrientationLandscapeLeft UIInterfaceOrientationLandscapeRight";
				INFOPLIST_KEY_UISupportedInterfaceOrientations_iPhone = "UIInterfaceOrientationPortrait UIInterfaceOrientationLandscapeLeft UIInterfaceOrientationLandscapeRight";
				LD_RUNPATH_SEARCH_PATHS = (
					"$(inherited)",
					"@executable_path/Frameworks",
				);
				MARKETING_VERSION = 1.0;
				PRODUCT_BUNDLE_IDENTIFIER = testidentifier.Infrastruct;
				PRODUCT_NAME = "$(TARGET_NAME)";
				PROVISIONING_PROFILE_SPECIFIER = "";
				SWIFT_EMIT_LOC_STRINGS = YES;
				SWIFT_VERSION = 5.0;
				TARGETED_DEVICE_FAMILY = "1,2";
			};
			name = Release;
		};
/* End XCBuildConfiguration section */

/* Begin XCConfigurationList section */
		95F1C9B128D91E2300613B19 /* Build configuration list for PBXProject "Infrastruct" */ = {
			isa = XCConfigurationList;
			buildConfigurations = (
				95F1C9C228D91E2500613B19 /* Debug */,
				95F1C9C328D91E2500613B19 /* Release */,
			);
			defaultConfigurationIsVisible = 0;
			defaultConfigurationName = Release;
		};
		95F1C9C428D91E2500613B19 /* Build configuration list for PBXNativeTarget "Infrastruct" */ = {
			isa = XCConfigurationList;
			buildConfigurations = (
				95F1C9C528D91E2500613B19 /* Debug */,
				95F1C9C628D91E2500613B19 /* Release */,
			);
			defaultConfigurationIsVisible = 0;
			defaultConfigurationName = Release;
		};
/* End XCConfigurationList section */
	};
	rootObject = 95F1C9AE28D91E2300613B19 /* Project object */;
}
